
Microsoft Visual Studio Solution File, Format Version 12.00
# Visual Studio Version 16
VisualStudioVersion = 16.0.31515.178
MinimumVisualStudioVersion = 10.0.40219.1
Project("{FAE04EC0-301F-11D3-BF4B-00C04F79EFBC}") = "NoteAppDemo", "NoteAppDemo.csproj", "{BA17B6F8-72D3-4326-9001-FC5FC1078A83}"
EndProject
Global
	GlobalSection(SolutionConfigurationPlatforms) = preSolution
		Debug|Any CPU = Debug|Any CPU
		Release|Any CPU = Release|Any CPU
	EndGlobalSection
	GlobalSection(ProjectConfigurationPlatforms) = postSolution
		{BA17B6F8-72D3-4326-9001-FC5FC1078A83}.Debug|Any CPU.ActiveCfg = Debug|Any CPU
		{BA17B6F8-72D3-4326-9001-FC5FC1078A83}.Debug|Any CPU.Build.0 = Debug|Any CPU
		{BA17B6F8-72D3-4326-9001-FC5FC1078A83}.Release|Any CPU.ActiveCfg = Release|Any CPU
		{BA17B6F8-72D3-4326-9001-FC5FC1078A83}.Release|Any CPU.Build.0 = Release|Any CPU
	EndGlobalSection
	GlobalSection(SolutionProperties) = preSolution
		HideSolutionNode = FALSE
	EndGlobalSection
	GlobalSection(ExtensibilityGlobals) = postSolution
		SolutionGuid = {7BD632A2-7C26-4D1B-9CBC-785DD45B4FBE}
	EndGlobalSection
EndGlobal
